
Microsoft Visual Studio Solution File, Format Version 12.00
# Visual Studio Version 16
VisualStudioVersion = 16.0.29424.173
MinimumVisualStudioVersion = 10.0.40219.1
Project("{FAE04EC0-301F-11D3-BF4B-00C04F79EFBC}") = "Daliboris.Statistiky.UI.WPF", "Daliboris.Statistiky.UI.WPF\Daliboris.Statistiky.UI.WPF.csproj", "{EA08C2D1-EBBA-4393-B366-B239E7E8E6C0}"
EndProject
Project("{9A19103F-16F7-4668-BE54-9A1E7A4F7556}") = "Daliboris.Word.Pomucky.Xml", "Daliboris.Word.Pomucky.Xml\Daliboris.Word.Pomucky.Xml.csproj", "{457FEF12-BD22-4498-924F-941B31DCCD6B}"
EndProject
Project("{FAE04EC0-301F-11D3-BF4B-00C04F79EFBC}") = "Daliboris.Word", "Daliboris.Word\Daliboris.Word.csproj", "{A85FCD6B-6FA1-46BC-91F5-8F90BE8A7362}"
EndProject
Project("{FAE04EC0-301F-11D3-BF4B-00C04F79EFBC}") = "Daliboris.Word.Core", "Daliboris.Word.Core\Daliboris.Word.Core.csproj", "{96838F37-2E15-4785-B117-0DE31494F733}"
EndProject
Project("{2150E333-8FDC-42A3-9474-1A3956D46DE8}") = "Tests", "Tests", "{77CC5889-16A1-4823-882C-F9EF0A1D3131}"
	ProjectSection(SolutionItems) = preProject
		Tests\AdamM.docx = Tests\AdamM.docx
		Tests\AdamM.pjv = Tests\AdamM.pjv
	EndProjectSection
EndProject
Project("{2150E333-8FDC-42A3-9474-1A3956D46DE8}") = "Core", "Core", "{8C84C9D7-8B01-45DB-9A15-1A3ABC5645DE}"
EndProject
Project("{9A19103F-16F7-4668-BE54-9A1E7A4F7556}") = "Daliboris.Statistiky.Core", "Daliboris.Statistiky.Core\Daliboris.Statistiky.Core.csproj", "{7C5A3B99-B366-45CD-BB69-FF804BB60207}"
EndProject
Project("{FAE04EC0-301F-11D3-BF4B-00C04F79EFBC}") = "Daliboris.Word.Text", "Daliboris.Word.Text\Daliboris.Word.Text.csproj", "{A8D6BBFD-D87A-4FED-9035-2E315AEB5766}"
EndProject
Project("{C7167F0D-BC9F-4E6E-AFE1-012C56B48DB5}") = "Daliboris.Statistiky.Package", "Daliboris.Statistiky.Package\Daliboris.Statistiky.Package.wapproj", "{A44E5104-99A5-4204-9CA0-60954461B2B3}"
EndProject
Global
	GlobalSection(SolutionConfigurationPlatforms) = preSolution
		Debug|Any CPU = Debug|Any CPU
		Debug|ARM = Debug|ARM
		Debug|ARM64 = Debug|ARM64
		Debug|x64 = Debug|x64
		Debug|x86 = Debug|x86
		JenTest|Any CPU = JenTest|Any CPU
		JenTest|ARM = JenTest|ARM
		JenTest|ARM64 = JenTest|ARM64
		JenTest|x64 = JenTest|x64
		JenTest|x86 = JenTest|x86
		Release|Any CPU = Release|Any CPU
		Release|ARM = Release|ARM
		Release|ARM64 = Release|ARM64
		Release|x64 = Release|x64
		Release|x86 = Release|x86
	EndGlobalSection
	GlobalSection(ProjectConfigurationPlatforms) = postSolution
		{EA08C2D1-EBBA-4393-B366-B239E7E8E6C0}.Debug|Any CPU.ActiveCfg = Debug|Any CPU
		{EA08C2D1-EBBA-4393-B366-B239E7E8E6C0}.Debug|Any CPU.Build.0 = Debug|Any CPU
		{EA08C2D1-EBBA-4393-B366-B239E7E8E6C0}.Debug|ARM.ActiveCfg = Debug|Any CPU
		{EA08C2D1-EBBA-4393-B366-B239E7E8E6C0}.Debug|ARM.Build.0 = Debug|Any CPU
		{EA08C2D1-EBBA-4393-B366-B239E7E8E6C0}.Debug|ARM64.ActiveCfg = Debug|Any CPU
		{EA08C2D1-EBBA-4393-B366-B239E7E8E6C0}.Debug|ARM64.Build.0 = Debug|Any CPU
		{EA08C2D1-EBBA-4393-B366-B239E7E8E6C0}.Debug|x64.ActiveCfg = Debug|x64
		{EA08C2D1-EBBA-4393-B366-B239E7E8E6C0}.Debug|x64.Build.0 = Debug|x64
		{EA08C2D1-EBBA-4393-B366-B239E7E8E6C0}.Debug|x86.ActiveCfg = Debug|x86
		{EA08C2D1-EBBA-4393-B366-B239E7E8E6C0}.Debug|x86.Build.0 = Debug|x86
		{EA08C2D1-EBBA-4393-B366-B239E7E8E6C0}.JenTest|Any CPU.ActiveCfg = Release|Any CPU
		{EA08C2D1-EBBA-4393-B366-B239E7E8E6C0}.JenTest|Any CPU.Build.0 = Release|Any CPU
		{EA08C2D1-EBBA-4393-B366-B239E7E8E6C0}.JenTest|ARM.ActiveCfg = Release|Any CPU
		{EA08C2D1-EBBA-4393-B366-B239E7E8E6C0}.JenTest|ARM.Build.0 = Release|Any CPU
		{EA08C2D1-EBBA-4393-B366-B239E7E8E6C0}.JenTest|ARM64.ActiveCfg = Release|Any CPU
		{EA08C2D1-EBBA-4393-B366-B239E7E8E6C0}.JenTest|ARM64.Build.0 = Release|Any CPU
		{EA08C2D1-EBBA-4393-B366-B239E7E8E6C0}.JenTest|x64.ActiveCfg = Release|x64
		{EA08C2D1-EBBA-4393-B366-B239E7E8E6C0}.JenTest|x64.Build.0 = Release|x64
		{EA08C2D1-EBBA-4393-B366-B239E7E8E6C0}.JenTest|x86.ActiveCfg = Release|x86
		{EA08C2D1-EBBA-4393-B366-B239E7E8E6C0}.JenTest|x86.Build.0 = Release|x86
		{EA08C2D1-EBBA-4393-B366-B239E7E8E6C0}.Release|Any CPU.ActiveCfg = Release|Any CPU
		{EA08C2D1-EBBA-4393-B366-B239E7E8E6C0}.Release|Any CPU.Build.0 = Release|Any CPU
		{EA08C2D1-EBBA-4393-B366-B239E7E8E6C0}.Release|ARM.ActiveCfg = Release|Any CPU
		{EA08C2D1-EBBA-4393-B366-B239E7E8E6C0}.Release|ARM.Build.0 = Release|Any CPU
		{EA08C2D1-EBBA-4393-B366-B239E7E8E6C0}.Release|ARM64.ActiveCfg = Release|Any CPU
		{EA08C2D1-EBBA-4393-B366-B239E7E8E6C0}.Release|ARM64.Build.0 = Release|Any CPU
		{EA08C2D1-EBBA-4393-B366-B239E7E8E6C0}.Release|x64.ActiveCfg = Release|x64
		{EA08C2D1-EBBA-4393-B366-B239E7E8E6C0}.Release|x64.Build.0 = Release|x64
		{EA08C2D1-EBBA-4393-B366-B239E7E8E6C0}.Release|x86.ActiveCfg = Release|x86
		{EA08C2D1-EBBA-4393-B366-B239E7E8E6C0}.Release|x86.Build.0 = Release|x86
		{457FEF12-BD22-4498-924F-941B31DCCD6B}.Debug|Any CPU.ActiveCfg = Debug|Any CPU
		{457FEF12-BD22-4498-924F-941B31DCCD6B}.Debug|Any CPU.Build.0 = Debug|Any CPU
		{457FEF12-BD22-4498-924F-941B31DCCD6B}.Debug|ARM.ActiveCfg = Debug|Any CPU
		{457FEF12-BD22-4498-924F-941B31DCCD6B}.Debug|ARM.Build.0 = Debug|Any CPU
		{457FEF12-BD22-4498-924F-941B31DCCD6B}.Debug|ARM64.ActiveCfg = Debug|Any CPU
		{457FEF12-BD22-4498-924F-941B31DCCD6B}.Debug|ARM64.Build.0 = Debug|Any CPU
		{457FEF12-BD22-4498-924F-941B31DCCD6B}.Debug|x64.ActiveCfg = Debug|Any CPU
		{457FEF12-BD22-4498-924F-941B31DCCD6B}.Debug|x64.Build.0 = Debug|Any CPU
		{457FEF12-BD22-4498-924F-941B31DCCD6B}.Debug|x86.ActiveCfg = Debug|Any CPU
		{457FEF12-BD22-4498-924F-941B31DCCD6B}.Debug|x86.Build.0 = Debug|Any CPU
		{457FEF12-BD22-4498-924F-941B31DCCD6B}.JenTest|Any CPU.ActiveCfg = Release|Any CPU
		{457FEF12-BD22-4498-924F-941B31DCCD6B}.JenTest|Any CPU.Build.0 = Release|Any CPU
		{457FEF12-BD22-4498-924F-941B31DCCD6B}.JenTest|ARM.ActiveCfg = Release|Any CPU
		{457FEF12-BD22-4498-924F-941B31DCCD6B}.JenTest|ARM.Build.0 = Release|Any CPU
		{457FEF12-BD22-4498-924F-941B31DCCD6B}.JenTest|ARM64.ActiveCfg = Release|Any CPU
		{457FEF12-BD22-4498-924F-941B31DCCD6B}.JenTest|ARM64.Build.0 = Release|Any CPU
		{457FEF12-BD22-4498-924F-941B31DCCD6B}.JenTest|x64.ActiveCfg = Release|Any CPU
		{457FEF12-BD22-4498-924F-941B31DCCD6B}.JenTest|x64.Build.0 = Release|Any CPU
		{457FEF12-BD22-4498-924F-941B31DCCD6B}.JenTest|x86.ActiveCfg = Release|Any CPU
		{457FEF12-BD22-4498-924F-941B31DCCD6B}.JenTest|x86.Build.0 = Release|Any CPU
		{457FEF12-BD22-4498-924F-941B31DCCD6B}.Release|Any CPU.ActiveCfg = Release|Any CPU
		{457FEF12-BD22-4498-924F-941B31DCCD6B}.Release|Any CPU.Build.0 = Release|Any CPU
		{457FEF12-BD22-4498-924F-941B31DCCD6B}.Release|ARM.ActiveCfg = Release|Any CPU
		{457FEF12-BD22-4498-924F-941B31DCCD6B}.Release|ARM.Build.0 = Release|Any CPU
		{457FEF12-BD22-4498-924F-941B31DCCD6B}.Release|ARM64.ActiveCfg = Release|Any CPU
		{457FEF12-BD22-4498-924F-941B31DCCD6B}.Release|ARM64.Build.0 = Release|Any CPU
		{457FEF12-BD22-4498-924F-941B31DCCD6B}.Release|x64.ActiveCfg = Release|Any CPU
		{457FEF12-BD22-4498-924F-941B31DCCD6B}.Release|x64.Build.0 = Release|Any CPU
		{457FEF12-BD22-4498-924F-941B31DCCD6B}.Release|x86.ActiveCfg = Release|Any CPU
		{457FEF12-BD22-4498-924F-941B31DCCD6B}.Release|x86.Build.0 = Release|Any CPU
		{A85FCD6B-6FA1-46BC-91F5-8F90BE8A7362}.Debug|Any CPU.ActiveCfg = Debug|Any CPU
		{A85FCD6B-6FA1-46BC-91F5-8F90BE8A7362}.Debug|Any CPU.Build.0 = Debug|Any CPU
		{A85FCD6B-6FA1-46BC-91F5-8F90BE8A7362}.Debug|ARM.ActiveCfg = Debug|Any CPU
		{A85FCD6B-6FA1-46BC-91F5-8F90BE8A7362}.Debug|ARM.Build.0 = Debug|Any CPU
		{A85FCD6B-6FA1-46BC-91F5-8F90BE8A7362}.Debug|ARM64.ActiveCfg = Debug|Any CPU
		{A85FCD6B-6FA1-46BC-91F5-8F90BE8A7362}.Debug|ARM64.Build.0 = Debug|Any CPU
		{A85FCD6B-6FA1-46BC-91F5-8F90BE8A7362}.Debug|x64.ActiveCfg = Debug|Any CPU
		{A85FCD6B-6FA1-46BC-91F5-8F90BE8A7362}.Debug|x64.Build.0 = Debug|Any CPU
		{A85FCD6B-6FA1-46BC-91F5-8F90BE8A7362}.Debug|x86.ActiveCfg = Debug|x86
		{A85FCD6B-6FA1-46BC-91F5-8F90BE8A7362}.Debug|x86.Build.0 = Debug|x86
		{A85FCD6B-6FA1-46BC-91F5-8F90BE8A7362}.JenTest|Any CPU.ActiveCfg = JenTest|Any CPU
		{A85FCD6B-6FA1-46BC-91F5-8F90BE8A7362}.JenTest|Any CPU.Build.0 = JenTest|Any CPU
		{A85FCD6B-6FA1-46BC-91F5-8F90BE8A7362}.JenTest|ARM.ActiveCfg = JenTest|Any CPU
		{A85FCD6B-6FA1-46BC-91F5-8F90BE8A7362}.JenTest|ARM.Build.0 = JenTest|Any CPU
		{A85FCD6B-6FA1-46BC-91F5-8F90BE8A7362}.JenTest|ARM64.ActiveCfg = JenTest|Any CPU
		{A85FCD6B-6FA1-46BC-91F5-8F90BE8A7362}.JenTest|ARM64.Build.0 = JenTest|Any CPU
		{A85FCD6B-6FA1-46BC-91F5-8F90BE8A7362}.JenTest|x64.ActiveCfg = JenTest|Any CPU
		{A85FCD6B-6FA1-46BC-91F5-8F90BE8A7362}.JenTest|x64.Build.0 = JenTest|Any CPU
		{A85FCD6B-6FA1-46BC-91F5-8F90BE8A7362}.JenTest|x86.ActiveCfg = JenTest|x86
		{A85FCD6B-6FA1-46BC-91F5-8F90BE8A7362}.JenTest|x86.Build.0 = JenTest|x86
		{A85FCD6B-6FA1-46BC-91F5-8F90BE8A7362}.Release|Any CPU.ActiveCfg = Release|Any CPU
		{A85FCD6B-6FA1-46BC-91F5-8F90BE8A7362}.Release|Any CPU.Build.0 = Release|Any CPU
		{A85FCD6B-6FA1-46BC-91F5-8F90BE8A7362}.Release|ARM.ActiveCfg = Release|Any CPU
		{A85FCD6B-6FA1-46BC-91F5-8F90BE8A7362}.Release|ARM.Build.0 = Release|Any CPU
		{A85FCD6B-6FA1-46BC-91F5-8F90BE8A7362}.Release|ARM64.ActiveCfg = Release|Any CPU
		{A85FCD6B-6FA1-46BC-91F5-8F90BE8A7362}.Release|ARM64.Build.0 = Release|Any CPU
		{A85FCD6B-6FA1-46BC-91F5-8F90BE8A7362}.Release|x64.ActiveCfg = Release|Any CPU
		{A85FCD6B-6FA1-46BC-91F5-8F90BE8A7362}.Release|x64.Build.0 = Release|Any CPU
		{A85FCD6B-6FA1-46BC-91F5-8F90BE8A7362}.Release|x86.ActiveCfg = Release|x86
		{A85FCD6B-6FA1-46BC-91F5-8F90BE8A7362}.Release|x86.Build.0 = Release|x86
		{96838F37-2E15-4785-B117-0DE31494F733}.Debug|Any CPU.ActiveCfg = Debug|Any CPU
		{96838F37-2E15-4785-B117-0DE31494F733}.Debug|Any CPU.Build.0 = Debug|Any CPU
		{96838F37-2E15-4785-B117-0DE31494F733}.Debug|ARM.ActiveCfg = Debug|Any CPU
		{96838F37-2E15-4785-B117-0DE31494F733}.Debug|ARM.Build.0 = Debug|Any CPU
		{96838F37-2E15-4785-B117-0DE31494F733}.Debug|ARM64.ActiveCfg = Debug|Any CPU
		{96838F37-2E15-4785-B117-0DE31494F733}.Debug|ARM64.Build.0 = Debug|Any CPU
		{96838F37-2E15-4785-B117-0DE31494F733}.Debug|x64.ActiveCfg = Debug|x64
		{96838F37-2E15-4785-B117-0DE31494F733}.Debug|x64.Build.0 = Debug|x64
		{96838F37-2E15-4785-B117-0DE31494F733}.Debug|x86.ActiveCfg = Debug|x86
		{96838F37-2E15-4785-B117-0DE31494F733}.Debug|x86.Build.0 = Debug|x86
		{96838F37-2E15-4785-B117-0DE31494F733}.JenTest|Any CPU.ActiveCfg = JenTest|Any CPU
		{96838F37-2E15-4785-B117-0DE31494F733}.JenTest|Any CPU.Build.0 = JenTest|Any CPU
		{96838F37-2E15-4785-B117-0DE31494F733}.JenTest|ARM.ActiveCfg = JenTest|Any CPU
		{96838F37-2E15-4785-B117-0DE31494F733}.JenTest|ARM.Build.0 = JenTest|Any CPU
		{96838F37-2E15-4785-B117-0DE31494F733}.JenTest|ARM64.ActiveCfg = JenTest|Any CPU
		{96838F37-2E15-4785-B117-0DE31494F733}.JenTest|ARM64.Build.0 = JenTest|Any CPU
		{96838F37-2E15-4785-B117-0DE31494F733}.JenTest|x64.ActiveCfg = JenTest|x64
		{96838F37-2E15-4785-B117-0DE31494F733}.JenTest|x64.Build.0 = JenTest|x64
		{96838F37-2E15-4785-B117-0DE31494F733}.JenTest|x86.ActiveCfg = JenTest|x86
		{96838F37-2E15-4785-B117-0DE31494F733}.JenTest|x86.Build.0 = JenTest|x86
		{96838F37-2E15-4785-B117-0DE31494F733}.Release|Any CPU.ActiveCfg = Release|Any CPU
		{96838F37-2E15-4785-B117-0DE31494F733}.Release|Any CPU.Build.0 = Release|Any CPU
		{96838F37-2E15-4785-B117-0DE31494F733}.Release|ARM.ActiveCfg = Release|Any CPU
		{96838F37-2E15-4785-B117-0DE31494F733}.Release|ARM.Build.0 = Release|Any CPU
		{96838F37-2E15-4785-B117-0DE31494F733}.Release|ARM64.ActiveCfg = Release|Any CPU
		{96838F37-2E15-4785-B117-0DE31494F733}.Release|ARM64.Build.0 = Release|Any CPU
		{96838F37-2E15-4785-B117-0DE31494F733}.Release|x64.ActiveCfg = Release|x64
		{96838F37-2E15-4785-B117-0DE31494F733}.Release|x64.Build.0 = Release|x64
		{96838F37-2E15-4785-B117-0DE31494F733}.Release|x86.ActiveCfg = Release|x86
		{96838F37-2E15-4785-B117-0DE31494F733}.Release|x86.Build.0 = Release|x86
		{7C5A3B99-B366-45CD-BB69-FF804BB60207}.Debug|Any CPU.ActiveCfg = Debug|Any CPU
		{7C5A3B99-B366-45CD-BB69-FF804BB60207}.Debug|Any CPU.Build.0 = Debug|Any CPU
		{7C5A3B99-B366-45CD-BB69-FF804BB60207}.Debug|ARM.ActiveCfg = Debug|Any CPU
		{7C5A3B99-B366-45CD-BB69-FF804BB60207}.Debug|ARM.Build.0 = Debug|Any CPU
		{7C5A3B99-B366-45CD-BB69-FF804BB60207}.Debug|ARM64.ActiveCfg = Debug|Any CPU
		{7C5A3B99-B366-45CD-BB69-FF804BB60207}.Debug|ARM64.Build.0 = Debug|Any CPU
		{7C5A3B99-B366-45CD-BB69-FF804BB60207}.Debug|x64.ActiveCfg = Debug|Any CPU
		{7C5A3B99-B366-45CD-BB69-FF804BB60207}.Debug|x64.Build.0 = Debug|Any CPU
		{7C5A3B99-B366-45CD-BB69-FF804BB60207}.Debug|x86.ActiveCfg = Debug|Any CPU
		{7C5A3B99-B366-45CD-BB69-FF804BB60207}.Debug|x86.Build.0 = Debug|Any CPU
		{7C5A3B99-B366-45CD-BB69-FF804BB60207}.JenTest|Any CPU.ActiveCfg = Debug|Any CPU
		{7C5A3B99-B366-45CD-BB69-FF804BB60207}.JenTest|Any CPU.Build.0 = Debug|Any CPU
		{7C5A3B99-B366-45CD-BB69-FF804BB60207}.JenTest|ARM.ActiveCfg = Release|Any CPU
		{7C5A3B99-B366-45CD-BB69-FF804BB60207}.JenTest|ARM.Build.0 = Release|Any CPU
		{7C5A3B99-B366-45CD-BB69-FF804BB60207}.JenTest|ARM64.ActiveCfg = Release|Any CPU
		{7C5A3B99-B366-45CD-BB69-FF804BB60207}.JenTest|ARM64.Build.0 = Release|Any CPU
		{7C5A3B99-B366-45CD-BB69-FF804BB60207}.JenTest|x64.ActiveCfg = Debug|Any CPU
		{7C5A3B99-B366-45CD-BB69-FF804BB60207}.JenTest|x64.Build.0 = Debug|Any CPU
		{7C5A3B99-B366-45CD-BB69-FF804BB60207}.JenTest|x86.ActiveCfg = Debug|Any CPU
		{7C5A3B99-B366-45CD-BB69-FF804BB60207}.JenTest|x86.Build.0 = Debug|Any CPU
		{7C5A3B99-B366-45CD-BB69-FF804BB60207}.Release|Any CPU.ActiveCfg = Release|Any CPU
		{7C5A3B99-B366-45CD-BB69-FF804BB60207}.Release|Any CPU.Build.0 = Release|Any CPU
		{7C5A3B99-B366-45CD-BB69-FF804BB60207}.Release|ARM.ActiveCfg = Release|Any CPU
		{7C5A3B99-B366-45CD-BB69-FF804BB60207}.Release|ARM.Build.0 = Release|Any CPU
		{7C5A3B99-B366-45CD-BB69-FF804BB60207}.Release|ARM64.ActiveCfg = Release|Any CPU
		{7C5A3B99-B366-45CD-BB69-FF804BB60207}.Release|ARM64.Build.0 = Release|Any CPU
		{7C5A3B99-B366-45CD-BB69-FF804BB60207}.Release|x64.ActiveCfg = Release|Any CPU
		{7C5A3B99-B366-45CD-BB69-FF804BB60207}.Release|x64.Build.0 = Release|Any CPU
		{7C5A3B99-B366-45CD-BB69-FF804BB60207}.Release|x86.ActiveCfg = Release|Any CPU
		{7C5A3B99-B366-45CD-BB69-FF804BB60207}.Release|x86.Build.0 = Release|Any CPU
		{A8D6BBFD-D87A-4FED-9035-2E315AEB5766}.Debug|Any CPU.ActiveCfg = Debug|Any CPU
		{A8D6BBFD-D87A-4FED-9035-2E315AEB5766}.Debug|Any CPU.Build.0 = Debug|Any CPU
		{A8D6BBFD-D87A-4FED-9035-2E315AEB5766}.Debug|ARM.ActiveCfg = Debug|Any CPU
		{A8D6BBFD-D87A-4FED-9035-2E315AEB5766}.Debug|ARM.Build.0 = Debug|Any CPU
		{A8D6BBFD-D87A-4FED-9035-2E315AEB5766}.Debug|ARM64.ActiveCfg = Debug|Any CPU
		{A8D6BBFD-D87A-4FED-9035-2E315AEB5766}.Debug|ARM64.Build.0 = Debug|Any CPU
		{A8D6BBFD-D87A-4FED-9035-2E315AEB5766}.Debug|x64.ActiveCfg = Debug|x64
		{A8D6BBFD-D87A-4FED-9035-2E315AEB5766}.Debug|x64.Build.0 = Debug|x64
		{A8D6BBFD-D87A-4FED-9035-2E315AEB5766}.Debug|x86.ActiveCfg = Debug|x86
		{A8D6BBFD-D87A-4FED-9035-2E315AEB5766}.Debug|x86.Build.0 = Debug|x86
		{A8D6BBFD-D87A-4FED-9035-2E315AEB5766}.JenTest|Any CPU.ActiveCfg = JenTest|Any CPU
		{A8D6BBFD-D87A-4FED-9035-2E315AEB5766}.JenTest|Any CPU.Build.0 = JenTest|Any CPU
		{A8D6BBFD-D87A-4FED-9035-2E315AEB5766}.JenTest|ARM.ActiveCfg = JenTest|Any CPU
		{A8D6BBFD-D87A-4FED-9035-2E315AEB5766}.JenTest|ARM.Build.0 = JenTest|Any CPU
		{A8D6BBFD-D87A-4FED-9035-2E315AEB5766}.JenTest|ARM64.ActiveCfg = JenTest|Any CPU
		{A8D6BBFD-D87A-4FED-9035-2E315AEB5766}.JenTest|ARM64.Build.0 = JenTest|Any CPU
		{A8D6BBFD-D87A-4FED-9035-2E315AEB5766}.JenTest|x64.ActiveCfg = JenTest|x64
		{A8D6BBFD-D87A-4FED-9035-2E315AEB5766}.JenTest|x64.Build.0 = JenTest|x64
		{A8D6BBFD-D87A-4FED-9035-2E315AEB5766}.JenTest|x86.ActiveCfg = JenTest|x86
		{A8D6BBFD-D87A-4FED-9035-2E315AEB5766}.JenTest|x86.Build.0 = JenTest|x86
		{A8D6BBFD-D87A-4FED-9035-2E315AEB5766}.Release|Any CPU.ActiveCfg = Release|Any CPU
		{A8D6BBFD-D87A-4FED-9035-2E315AEB5766}.Release|Any CPU.Build.0 = Release|Any CPU
		{A8D6BBFD-D87A-4FED-9035-2E315AEB5766}.Release|ARM.ActiveCfg = Release|Any CPU
		{A8D6BBFD-D87A-4FED-9035-2E315AEB5766}.Release|ARM.Build.0 = Release|Any CPU
		{A8D6BBFD-D87A-4FED-9035-2E315AEB5766}.Release|ARM64.ActiveCfg = Release|Any CPU
		{A8D6BBFD-D87A-4FED-9035-2E315AEB5766}.Release|ARM64.Build.0 = Release|Any CPU
		{A8D6BBFD-D87A-4FED-9035-2E315AEB5766}.Release|x64.ActiveCfg = Release|x64
		{A8D6BBFD-D87A-4FED-9035-2E315AEB5766}.Release|x64.Build.0 = Release|x64
		{A8D6BBFD-D87A-4FED-9035-2E315AEB5766}.Release|x86.ActiveCfg = Release|x86
		{A8D6BBFD-D87A-4FED-9035-2E315AEB5766}.Release|x86.Build.0 = Release|x86
		{A44E5104-99A5-4204-9CA0-60954461B2B3}.Debug|Any CPU.ActiveCfg = Debug|Any CPU
		{A44E5104-99A5-4204-9CA0-60954461B2B3}.Debug|Any CPU.Build.0 = Debug|Any CPU
		{A44E5104-99A5-4204-9CA0-60954461B2B3}.Debug|Any CPU.Deploy.0 = Debug|Any CPU
		{A44E5104-99A5-4204-9CA0-60954461B2B3}.Debug|ARM.ActiveCfg = Debug|ARM
		{A44E5104-99A5-4204-9CA0-60954461B2B3}.Debug|ARM.Build.0 = Debug|ARM
		{A44E5104-99A5-4204-9CA0-60954461B2B3}.Debug|ARM.Deploy.0 = Debug|ARM
		{A44E5104-99A5-4204-9CA0-60954461B2B3}.Debug|ARM64.ActiveCfg = Debug|ARM64
		{A44E5104-99A5-4204-9CA0-60954461B2B3}.Debug|ARM64.Build.0 = Debug|ARM64
		{A44E5104-99A5-4204-9CA0-60954461B2B3}.Debug|ARM64.Deploy.0 = Debug|ARM64
		{A44E5104-99A5-4204-9CA0-60954461B2B3}.Debug|x64.ActiveCfg = Debug|x64
		{A44E5104-99A5-4204-9CA0-60954461B2B3}.Debug|x64.Build.0 = Debug|x64
		{A44E5104-99A5-4204-9CA0-60954461B2B3}.Debug|x64.Deploy.0 = Debug|x64
		{A44E5104-99A5-4204-9CA0-60954461B2B3}.Debug|x86.ActiveCfg = Debug|x86
		{A44E5104-99A5-4204-9CA0-60954461B2B3}.Debug|x86.Build.0 = Debug|x86
		{A44E5104-99A5-4204-9CA0-60954461B2B3}.Debug|x86.Deploy.0 = Debug|x86
		{A44E5104-99A5-4204-9CA0-60954461B2B3}.JenTest|Any CPU.ActiveCfg = Debug|Any CPU
		{A44E5104-99A5-4204-9CA0-60954461B2B3}.JenTest|Any CPU.Build.0 = Debug|Any CPU
		{A44E5104-99A5-4204-9CA0-60954461B2B3}.JenTest|Any CPU.Deploy.0 = Debug|Any CPU
		{A44E5104-99A5-4204-9CA0-60954461B2B3}.JenTest|ARM.ActiveCfg = Release|ARM
		{A44E5104-99A5-4204-9CA0-60954461B2B3}.JenTest|ARM.Build.0 = Release|ARM
		{A44E5104-99A5-4204-9CA0-60954461B2B3}.JenTest|ARM.Deploy.0 = Release|ARM
		{A44E5104-99A5-4204-9CA0-60954461B2B3}.JenTest|ARM64.ActiveCfg = Release|ARM64
		{A44E5104-99A5-4204-9CA0-60954461B2B3}.JenTest|ARM64.Build.0 = Release|ARM64
		{A44E5104-99A5-4204-9CA0-60954461B2B3}.JenTest|ARM64.Deploy.0 = Release|ARM64
		{A44E5104-99A5-4204-9CA0-60954461B2B3}.JenTest|x64.ActiveCfg = Release|x64
		{A44E5104-99A5-4204-9CA0-60954461B2B3}.JenTest|x64.Build.0 = Release|x64
		{A44E5104-99A5-4204-9CA0-60954461B2B3}.JenTest|x64.Deploy.0 = Release|x64
		{A44E5104-99A5-4204-9CA0-60954461B2B3}.JenTest|x86.ActiveCfg = Release|x86
		{A44E5104-99A5-4204-9CA0-60954461B2B3}.JenTest|x86.Build.0 = Release|x86
		{A44E5104-99A5-4204-9CA0-60954461B2B3}.JenTest|x86.Deploy.0 = Release|x86
		{A44E5104-99A5-4204-9CA0-60954461B2B3}.Release|Any CPU.ActiveCfg = Release|Any CPU
		{A44E5104-99A5-4204-9CA0-60954461B2B3}.Release|Any CPU.Build.0 = Release|Any CPU
		{A44E5104-99A5-4204-9CA0-60954461B2B3}.Release|Any CPU.Deploy.0 = Release|Any CPU
		{A44E5104-99A5-4204-9CA0-60954461B2B3}.Release|ARM.ActiveCfg = Release|ARM
		{A44E5104-99A5-4204-9CA0-60954461B2B3}.Release|ARM.Build.0 = Release|ARM
		{A44E5104-99A5-4204-9CA0-60954461B2B3}.Release|ARM.Deploy.0 = Release|ARM
		{A44E5104-99A5-4204-9CA0-60954461B2B3}.Release|ARM64.ActiveCfg = Release|ARM64
		{A44E5104-99A5-4204-9CA0-60954461B2B3}.Release|ARM64.Build.0 = Release|ARM64
		{A44E5104-99A5-4204-9CA0-60954461B2B3}.Release|ARM64.Deploy.0 = Release|ARM64
		{A44E5104-99A5-4204-9CA0-60954461B2B3}.Release|x64.ActiveCfg = Release|x64
		{A44E5104-99A5-4204-9CA0-60954461B2B3}.Release|x64.Build.0 = Release|x64
		{A44E5104-99A5-4204-9CA0-60954461B2B3}.Release|x64.Deploy.0 = Release|x64
		{A44E5104-99A5-4204-9CA0-60954461B2B3}.Release|x86.ActiveCfg = Release|x86
		{A44E5104-99A5-4204-9CA0-60954461B2B3}.Release|x86.Build.0 = Release|x86
		{A44E5104-99A5-4204-9CA0-60954461B2B3}.Release|x86.Deploy.0 = Release|x86
	EndGlobalSection
	GlobalSection(SolutionProperties) = preSolution
		HideSolutionNode = FALSE
	EndGlobalSection
	GlobalSection(NestedProjects) = preSolution
		{457FEF12-BD22-4498-924F-941B31DCCD6B} = {8C84C9D7-8B01-45DB-9A15-1A3ABC5645DE}
		{A85FCD6B-6FA1-46BC-91F5-8F90BE8A7362} = {8C84C9D7-8B01-45DB-9A15-1A3ABC5645DE}
		{96838F37-2E15-4785-B117-0DE31494F733} = {8C84C9D7-8B01-45DB-9A15-1A3ABC5645DE}
		{7C5A3B99-B366-45CD-BB69-FF804BB60207} = {8C84C9D7-8B01-45DB-9A15-1A3ABC5645DE}
		{A8D6BBFD-D87A-4FED-9035-2E315AEB5766} = {8C84C9D7-8B01-45DB-9A15-1A3ABC5645DE}
	EndGlobalSection
	GlobalSection(ExtensibilityGlobals) = postSolution
		SolutionGuid = {D50733CD-0878-45EF-8180-29D3CE793DFA}
	EndGlobalSection
EndGlobal
