
Microsoft Visual Studio Solution File, Format Version 12.00
# Visual Studio Version 16
VisualStudioVersion = 16.0.29424.173
MinimumVisualStudioVersion = 10.0.40219.1
Project("{FAE04EC0-301F-11D3-BF4B-00C04F79EFBC}") = "Daliboris.Statistiky.UI.WPF", "Daliboris.Statistiky.UI.WPF\Daliboris.Statistiky.UI.WPF.csproj", "{EA08C2D1-EBBA-4393-B366-B239E7E8E6C0}"
EndProject
Project("{FAE04EC0-301F-11D3-BF4B-00C04F79EFBC}") = "Prehledy", "Prehledy\Prehledy.csproj", "{FC173251-6DE3-4774-80F4-24132BDB3A29}"
EndProject
Project("{FAE04EC0-301F-11D3-BF4B-00C04F79EFBC}") = "Daliboris.Statistiky.Jevy", "Daliboris.Statistiky.Jevy\Daliboris.Statistiky.Jevy.csproj", "{21144A27-0669-4236-863D-E4187E7E90FA}"
EndProject
Project("{FAE04EC0-301F-11D3-BF4B-00C04F79EFBC}") = "Daliboris.Statistiky.Rozhrani.Jevy", "Daliboris.Statistiky.Jevy.Rozhrani\Daliboris.Statistiky.Rozhrani.Jevy.csproj", "{1052054F-ACEC-432E-B61B-131B15D6350C}"
EndProject
Project("{FAE04EC0-301F-11D3-BF4B-00C04F79EFBC}") = "Daliboris.Statistiky.Ukazy", "Daliboris.Statistiky.Ukazy\Daliboris.Statistiky.Ukazy.csproj", "{A4960882-F2F1-4E0F-8159-A6177D4C467A}"
EndProject
Project("{FAE04EC0-301F-11D3-BF4B-00C04F79EFBC}") = "Statistik", "Statistik\Statistik.csproj", "{CB14D27D-A05E-46C9-A871-E4353924C038}"
EndProject
Project("{FAE04EC0-301F-11D3-BF4B-00C04F79EFBC}") = "Daliboris.Text", "Text\Daliboris.Text.csproj", "{A8D6BBFD-D87A-4FED-9035-2E315AEB5766}"
EndProject
Project("{FAE04EC0-301F-11D3-BF4B-00C04F79EFBC}") = "Daliboris.Pomucky.Xml", "Daliboris.Pomucky.Xml\Daliboris.Pomucky.Xml.csproj", "{457FEF12-BD22-4498-924F-941B31DCCD6B}"
EndProject
Project("{FAE04EC0-301F-11D3-BF4B-00C04F79EFBC}") = "DocxRotor", "DocxRotor\DocxRotor.csproj", "{A85FCD6B-6FA1-46BC-91F5-8F90BE8A7362}"
EndProject
Project("{FAE04EC0-301F-11D3-BF4B-00C04F79EFBC}") = "Daliboris.OOXML.Word", "Daliboris.OOXML.Word\Daliboris.OOXML.Word.csproj", "{96838F37-2E15-4785-B117-0DE31494F733}"
EndProject
Project("{2150E333-8FDC-42A3-9474-1A3956D46DE8}") = "Tools", "Tools", "{C1C963C8-5B15-4450-B14A-EB529D971105}"
EndProject
Project("{2150E333-8FDC-42A3-9474-1A3956D46DE8}") = "Interfaces", "Interfaces", "{1127D50F-5E8F-4ACF-8A23-498B8CBD84AB}"
EndProject
Project("{2150E333-8FDC-42A3-9474-1A3956D46DE8}") = "Objects", "Objects", "{2C62F657-8439-4B47-A9C2-F396072FE138}"
EndProject
Project("{2150E333-8FDC-42A3-9474-1A3956D46DE8}") = "Externals", "Externals", "{20EB3BC2-E9B1-44BF-A02B-00E80071FD92}"
	ProjectSection(SolutionItems) = preProject
		External\TreeView\Ricciolo.Controls.TreeListView.dll = External\TreeView\Ricciolo.Controls.TreeListView.dll
		External\TreeView\Ricciolo.Controls.TreeListView.pdb = External\TreeView\Ricciolo.Controls.TreeListView.pdb
	EndProjectSection
EndProject
Project("{2150E333-8FDC-42A3-9474-1A3956D46DE8}") = "Tests", "Tests", "{77CC5889-16A1-4823-882C-F9EF0A1D3131}"
	ProjectSection(SolutionItems) = preProject
		Tests\AdamM.docx = Tests\AdamM.docx
		Tests\AdamM.pjv = Tests\AdamM.pjv
	EndProjectSection
EndProject
Global
	GlobalSection(SolutionConfigurationPlatforms) = preSolution
		Debug|Any CPU = Debug|Any CPU
		Debug|x64 = Debug|x64
		Debug|x86 = Debug|x86
		JenTest|Any CPU = JenTest|Any CPU
		JenTest|x64 = JenTest|x64
		JenTest|x86 = JenTest|x86
		Release|Any CPU = Release|Any CPU
		Release|x64 = Release|x64
		Release|x86 = Release|x86
	EndGlobalSection
	GlobalSection(ProjectConfigurationPlatforms) = postSolution
		{EA08C2D1-EBBA-4393-B366-B239E7E8E6C0}.Debug|Any CPU.ActiveCfg = Debug|Any CPU
		{EA08C2D1-EBBA-4393-B366-B239E7E8E6C0}.Debug|Any CPU.Build.0 = Debug|Any CPU
		{EA08C2D1-EBBA-4393-B366-B239E7E8E6C0}.Debug|x64.ActiveCfg = Debug|x64
		{EA08C2D1-EBBA-4393-B366-B239E7E8E6C0}.Debug|x64.Build.0 = Debug|x64
		{EA08C2D1-EBBA-4393-B366-B239E7E8E6C0}.Debug|x86.ActiveCfg = Debug|x86
		{EA08C2D1-EBBA-4393-B366-B239E7E8E6C0}.Debug|x86.Build.0 = Debug|x86
		{EA08C2D1-EBBA-4393-B366-B239E7E8E6C0}.JenTest|Any CPU.ActiveCfg = Release|Any CPU
		{EA08C2D1-EBBA-4393-B366-B239E7E8E6C0}.JenTest|Any CPU.Build.0 = Release|Any CPU
		{EA08C2D1-EBBA-4393-B366-B239E7E8E6C0}.JenTest|x64.ActiveCfg = Release|x64
		{EA08C2D1-EBBA-4393-B366-B239E7E8E6C0}.JenTest|x64.Build.0 = Release|x64
		{EA08C2D1-EBBA-4393-B366-B239E7E8E6C0}.JenTest|x86.ActiveCfg = Release|x86
		{EA08C2D1-EBBA-4393-B366-B239E7E8E6C0}.JenTest|x86.Build.0 = Release|x86
		{EA08C2D1-EBBA-4393-B366-B239E7E8E6C0}.Release|Any CPU.ActiveCfg = Release|Any CPU
		{EA08C2D1-EBBA-4393-B366-B239E7E8E6C0}.Release|Any CPU.Build.0 = Release|Any CPU
		{EA08C2D1-EBBA-4393-B366-B239E7E8E6C0}.Release|x64.ActiveCfg = Release|x64
		{EA08C2D1-EBBA-4393-B366-B239E7E8E6C0}.Release|x64.Build.0 = Release|x64
		{EA08C2D1-EBBA-4393-B366-B239E7E8E6C0}.Release|x86.ActiveCfg = Release|x86
		{EA08C2D1-EBBA-4393-B366-B239E7E8E6C0}.Release|x86.Build.0 = Release|x86
		{FC173251-6DE3-4774-80F4-24132BDB3A29}.Debug|Any CPU.ActiveCfg = Debug|Any CPU
		{FC173251-6DE3-4774-80F4-24132BDB3A29}.Debug|Any CPU.Build.0 = Debug|Any CPU
		{FC173251-6DE3-4774-80F4-24132BDB3A29}.Debug|x64.ActiveCfg = Debug|x64
		{FC173251-6DE3-4774-80F4-24132BDB3A29}.Debug|x64.Build.0 = Debug|x64
		{FC173251-6DE3-4774-80F4-24132BDB3A29}.Debug|x86.ActiveCfg = Debug|x86
		{FC173251-6DE3-4774-80F4-24132BDB3A29}.Debug|x86.Build.0 = Debug|x86
		{FC173251-6DE3-4774-80F4-24132BDB3A29}.JenTest|Any CPU.ActiveCfg = Release|Any CPU
		{FC173251-6DE3-4774-80F4-24132BDB3A29}.JenTest|Any CPU.Build.0 = Release|Any CPU
		{FC173251-6DE3-4774-80F4-24132BDB3A29}.JenTest|x64.ActiveCfg = Release|x64
		{FC173251-6DE3-4774-80F4-24132BDB3A29}.JenTest|x64.Build.0 = Release|x64
		{FC173251-6DE3-4774-80F4-24132BDB3A29}.JenTest|x86.ActiveCfg = Release|x86
		{FC173251-6DE3-4774-80F4-24132BDB3A29}.JenTest|x86.Build.0 = Release|x86
		{FC173251-6DE3-4774-80F4-24132BDB3A29}.Release|Any CPU.ActiveCfg = Release|Any CPU
		{FC173251-6DE3-4774-80F4-24132BDB3A29}.Release|Any CPU.Build.0 = Release|Any CPU
		{FC173251-6DE3-4774-80F4-24132BDB3A29}.Release|x64.ActiveCfg = Release|x64
		{FC173251-6DE3-4774-80F4-24132BDB3A29}.Release|x64.Build.0 = Release|x64
		{FC173251-6DE3-4774-80F4-24132BDB3A29}.Release|x86.ActiveCfg = Release|x86
		{FC173251-6DE3-4774-80F4-24132BDB3A29}.Release|x86.Build.0 = Release|x86
		{21144A27-0669-4236-863D-E4187E7E90FA}.Debug|Any CPU.ActiveCfg = Debug|Any CPU
		{21144A27-0669-4236-863D-E4187E7E90FA}.Debug|Any CPU.Build.0 = Debug|Any CPU
		{21144A27-0669-4236-863D-E4187E7E90FA}.Debug|x64.ActiveCfg = Debug|x64
		{21144A27-0669-4236-863D-E4187E7E90FA}.Debug|x64.Build.0 = Debug|x64
		{21144A27-0669-4236-863D-E4187E7E90FA}.Debug|x86.ActiveCfg = Debug|x86
		{21144A27-0669-4236-863D-E4187E7E90FA}.Debug|x86.Build.0 = Debug|x86
		{21144A27-0669-4236-863D-E4187E7E90FA}.JenTest|Any CPU.ActiveCfg = JenTest|Any CPU
		{21144A27-0669-4236-863D-E4187E7E90FA}.JenTest|Any CPU.Build.0 = JenTest|Any CPU
		{21144A27-0669-4236-863D-E4187E7E90FA}.JenTest|x64.ActiveCfg = JenTest|x64
		{21144A27-0669-4236-863D-E4187E7E90FA}.JenTest|x64.Build.0 = JenTest|x64
		{21144A27-0669-4236-863D-E4187E7E90FA}.JenTest|x86.ActiveCfg = JenTest|x86
		{21144A27-0669-4236-863D-E4187E7E90FA}.JenTest|x86.Build.0 = JenTest|x86
		{21144A27-0669-4236-863D-E4187E7E90FA}.Release|Any CPU.ActiveCfg = Release|Any CPU
		{21144A27-0669-4236-863D-E4187E7E90FA}.Release|Any CPU.Build.0 = Release|Any CPU
		{21144A27-0669-4236-863D-E4187E7E90FA}.Release|x64.ActiveCfg = Release|x64
		{21144A27-0669-4236-863D-E4187E7E90FA}.Release|x64.Build.0 = Release|x64
		{21144A27-0669-4236-863D-E4187E7E90FA}.Release|x86.ActiveCfg = Release|x86
		{21144A27-0669-4236-863D-E4187E7E90FA}.Release|x86.Build.0 = Release|x86
		{1052054F-ACEC-432E-B61B-131B15D6350C}.Debug|Any CPU.ActiveCfg = Debug|Any CPU
		{1052054F-ACEC-432E-B61B-131B15D6350C}.Debug|Any CPU.Build.0 = Debug|Any CPU
		{1052054F-ACEC-432E-B61B-131B15D6350C}.Debug|x64.ActiveCfg = Debug|x64
		{1052054F-ACEC-432E-B61B-131B15D6350C}.Debug|x64.Build.0 = Debug|x64
		{1052054F-ACEC-432E-B61B-131B15D6350C}.Debug|x86.ActiveCfg = Debug|x86
		{1052054F-ACEC-432E-B61B-131B15D6350C}.Debug|x86.Build.0 = Debug|x86
		{1052054F-ACEC-432E-B61B-131B15D6350C}.JenTest|Any CPU.ActiveCfg = Release|Any CPU
		{1052054F-ACEC-432E-B61B-131B15D6350C}.JenTest|Any CPU.Build.0 = Release|Any CPU
		{1052054F-ACEC-432E-B61B-131B15D6350C}.JenTest|x64.ActiveCfg = Release|x64
		{1052054F-ACEC-432E-B61B-131B15D6350C}.JenTest|x64.Build.0 = Release|x64
		{1052054F-ACEC-432E-B61B-131B15D6350C}.JenTest|x86.ActiveCfg = Release|x86
		{1052054F-ACEC-432E-B61B-131B15D6350C}.JenTest|x86.Build.0 = Release|x86
		{1052054F-ACEC-432E-B61B-131B15D6350C}.Release|Any CPU.ActiveCfg = Release|Any CPU
		{1052054F-ACEC-432E-B61B-131B15D6350C}.Release|Any CPU.Build.0 = Release|Any CPU
		{1052054F-ACEC-432E-B61B-131B15D6350C}.Release|x64.ActiveCfg = Release|x64
		{1052054F-ACEC-432E-B61B-131B15D6350C}.Release|x64.Build.0 = Release|x64
		{1052054F-ACEC-432E-B61B-131B15D6350C}.Release|x86.ActiveCfg = Release|x86
		{1052054F-ACEC-432E-B61B-131B15D6350C}.Release|x86.Build.0 = Release|x86
		{A4960882-F2F1-4E0F-8159-A6177D4C467A}.Debug|Any CPU.ActiveCfg = Debug|Any CPU
		{A4960882-F2F1-4E0F-8159-A6177D4C467A}.Debug|Any CPU.Build.0 = Debug|Any CPU
		{A4960882-F2F1-4E0F-8159-A6177D4C467A}.Debug|x64.ActiveCfg = Debug|x64
		{A4960882-F2F1-4E0F-8159-A6177D4C467A}.Debug|x64.Build.0 = Debug|x64
		{A4960882-F2F1-4E0F-8159-A6177D4C467A}.Debug|x86.ActiveCfg = Debug|x86
		{A4960882-F2F1-4E0F-8159-A6177D4C467A}.Debug|x86.Build.0 = Debug|x86
		{A4960882-F2F1-4E0F-8159-A6177D4C467A}.JenTest|Any CPU.ActiveCfg = JenTest|Any CPU
		{A4960882-F2F1-4E0F-8159-A6177D4C467A}.JenTest|Any CPU.Build.0 = JenTest|Any CPU
		{A4960882-F2F1-4E0F-8159-A6177D4C467A}.JenTest|x64.ActiveCfg = JenTest|x64
		{A4960882-F2F1-4E0F-8159-A6177D4C467A}.JenTest|x64.Build.0 = JenTest|x64
		{A4960882-F2F1-4E0F-8159-A6177D4C467A}.JenTest|x86.ActiveCfg = JenTest|x86
		{A4960882-F2F1-4E0F-8159-A6177D4C467A}.JenTest|x86.Build.0 = JenTest|x86
		{A4960882-F2F1-4E0F-8159-A6177D4C467A}.Release|Any CPU.ActiveCfg = Release|Any CPU
		{A4960882-F2F1-4E0F-8159-A6177D4C467A}.Release|Any CPU.Build.0 = Release|Any CPU
		{A4960882-F2F1-4E0F-8159-A6177D4C467A}.Release|x64.ActiveCfg = Release|x64
		{A4960882-F2F1-4E0F-8159-A6177D4C467A}.Release|x64.Build.0 = Release|x64
		{A4960882-F2F1-4E0F-8159-A6177D4C467A}.Release|x86.ActiveCfg = Release|x86
		{A4960882-F2F1-4E0F-8159-A6177D4C467A}.Release|x86.Build.0 = Release|x86
		{CB14D27D-A05E-46C9-A871-E4353924C038}.Debug|Any CPU.ActiveCfg = Debug|Any CPU
		{CB14D27D-A05E-46C9-A871-E4353924C038}.Debug|Any CPU.Build.0 = Debug|Any CPU
		{CB14D27D-A05E-46C9-A871-E4353924C038}.Debug|x64.ActiveCfg = Debug|x64
		{CB14D27D-A05E-46C9-A871-E4353924C038}.Debug|x64.Build.0 = Debug|x64
		{CB14D27D-A05E-46C9-A871-E4353924C038}.Debug|x86.ActiveCfg = Debug|x86
		{CB14D27D-A05E-46C9-A871-E4353924C038}.Debug|x86.Build.0 = Debug|x86
		{CB14D27D-A05E-46C9-A871-E4353924C038}.JenTest|Any CPU.ActiveCfg = JenTest|Any CPU
		{CB14D27D-A05E-46C9-A871-E4353924C038}.JenTest|Any CPU.Build.0 = JenTest|Any CPU
		{CB14D27D-A05E-46C9-A871-E4353924C038}.JenTest|x64.ActiveCfg = JenTest|x64
		{CB14D27D-A05E-46C9-A871-E4353924C038}.JenTest|x64.Build.0 = JenTest|x64
		{CB14D27D-A05E-46C9-A871-E4353924C038}.JenTest|x86.ActiveCfg = JenTest|x86
		{CB14D27D-A05E-46C9-A871-E4353924C038}.JenTest|x86.Build.0 = JenTest|x86
		{CB14D27D-A05E-46C9-A871-E4353924C038}.Release|Any CPU.ActiveCfg = Release|Any CPU
		{CB14D27D-A05E-46C9-A871-E4353924C038}.Release|Any CPU.Build.0 = Release|Any CPU
		{CB14D27D-A05E-46C9-A871-E4353924C038}.Release|x64.ActiveCfg = Release|x64
		{CB14D27D-A05E-46C9-A871-E4353924C038}.Release|x64.Build.0 = Release|x64
		{CB14D27D-A05E-46C9-A871-E4353924C038}.Release|x86.ActiveCfg = Release|x86
		{CB14D27D-A05E-46C9-A871-E4353924C038}.Release|x86.Build.0 = Release|x86
		{A8D6BBFD-D87A-4FED-9035-2E315AEB5766}.Debug|Any CPU.ActiveCfg = Debug|Any CPU
		{A8D6BBFD-D87A-4FED-9035-2E315AEB5766}.Debug|Any CPU.Build.0 = Debug|Any CPU
		{A8D6BBFD-D87A-4FED-9035-2E315AEB5766}.Debug|x64.ActiveCfg = Debug|x64
		{A8D6BBFD-D87A-4FED-9035-2E315AEB5766}.Debug|x64.Build.0 = Debug|x64
		{A8D6BBFD-D87A-4FED-9035-2E315AEB5766}.Debug|x86.ActiveCfg = Debug|x86
		{A8D6BBFD-D87A-4FED-9035-2E315AEB5766}.Debug|x86.Build.0 = Debug|x86
		{A8D6BBFD-D87A-4FED-9035-2E315AEB5766}.JenTest|Any CPU.ActiveCfg = JenTest|Any CPU
		{A8D6BBFD-D87A-4FED-9035-2E315AEB5766}.JenTest|Any CPU.Build.0 = JenTest|Any CPU
		{A8D6BBFD-D87A-4FED-9035-2E315AEB5766}.JenTest|x64.ActiveCfg = JenTest|x64
		{A8D6BBFD-D87A-4FED-9035-2E315AEB5766}.JenTest|x64.Build.0 = JenTest|x64
		{A8D6BBFD-D87A-4FED-9035-2E315AEB5766}.JenTest|x86.ActiveCfg = JenTest|x86
		{A8D6BBFD-D87A-4FED-9035-2E315AEB5766}.JenTest|x86.Build.0 = JenTest|x86
		{A8D6BBFD-D87A-4FED-9035-2E315AEB5766}.Release|Any CPU.ActiveCfg = Release|Any CPU
		{A8D6BBFD-D87A-4FED-9035-2E315AEB5766}.Release|Any CPU.Build.0 = Release|Any CPU
		{A8D6BBFD-D87A-4FED-9035-2E315AEB5766}.Release|x64.ActiveCfg = Release|x64
		{A8D6BBFD-D87A-4FED-9035-2E315AEB5766}.Release|x64.Build.0 = Release|x64
		{A8D6BBFD-D87A-4FED-9035-2E315AEB5766}.Release|x86.ActiveCfg = Release|x86
		{A8D6BBFD-D87A-4FED-9035-2E315AEB5766}.Release|x86.Build.0 = Release|x86
		{457FEF12-BD22-4498-924F-941B31DCCD6B}.Debug|Any CPU.ActiveCfg = Debug|Any CPU
		{457FEF12-BD22-4498-924F-941B31DCCD6B}.Debug|Any CPU.Build.0 = Debug|Any CPU
		{457FEF12-BD22-4498-924F-941B31DCCD6B}.Debug|x64.ActiveCfg = Debug|x64
		{457FEF12-BD22-4498-924F-941B31DCCD6B}.Debug|x64.Build.0 = Debug|x64
		{457FEF12-BD22-4498-924F-941B31DCCD6B}.Debug|x86.ActiveCfg = Debug|x86
		{457FEF12-BD22-4498-924F-941B31DCCD6B}.Debug|x86.Build.0 = Debug|x86
		{457FEF12-BD22-4498-924F-941B31DCCD6B}.JenTest|Any CPU.ActiveCfg = JenTest|Any CPU
		{457FEF12-BD22-4498-924F-941B31DCCD6B}.JenTest|Any CPU.Build.0 = JenTest|Any CPU
		{457FEF12-BD22-4498-924F-941B31DCCD6B}.JenTest|x64.ActiveCfg = JenTest|x64
		{457FEF12-BD22-4498-924F-941B31DCCD6B}.JenTest|x64.Build.0 = JenTest|x64
		{457FEF12-BD22-4498-924F-941B31DCCD6B}.JenTest|x86.ActiveCfg = JenTest|x86
		{457FEF12-BD22-4498-924F-941B31DCCD6B}.JenTest|x86.Build.0 = JenTest|x86
		{457FEF12-BD22-4498-924F-941B31DCCD6B}.Release|Any CPU.ActiveCfg = Release|Any CPU
		{457FEF12-BD22-4498-924F-941B31DCCD6B}.Release|Any CPU.Build.0 = Release|Any CPU
		{457FEF12-BD22-4498-924F-941B31DCCD6B}.Release|x64.ActiveCfg = Release|x64
		{457FEF12-BD22-4498-924F-941B31DCCD6B}.Release|x64.Build.0 = Release|x64
		{457FEF12-BD22-4498-924F-941B31DCCD6B}.Release|x86.ActiveCfg = Release|x86
		{457FEF12-BD22-4498-924F-941B31DCCD6B}.Release|x86.Build.0 = Release|x86
		{A85FCD6B-6FA1-46BC-91F5-8F90BE8A7362}.Debug|Any CPU.ActiveCfg = Debug|Any CPU
		{A85FCD6B-6FA1-46BC-91F5-8F90BE8A7362}.Debug|Any CPU.Build.0 = Debug|Any CPU
		{A85FCD6B-6FA1-46BC-91F5-8F90BE8A7362}.Debug|x64.ActiveCfg = Debug|Any CPU
		{A85FCD6B-6FA1-46BC-91F5-8F90BE8A7362}.Debug|x64.Build.0 = Debug|Any CPU
		{A85FCD6B-6FA1-46BC-91F5-8F90BE8A7362}.Debug|x86.ActiveCfg = Debug|x86
		{A85FCD6B-6FA1-46BC-91F5-8F90BE8A7362}.Debug|x86.Build.0 = Debug|x86
		{A85FCD6B-6FA1-46BC-91F5-8F90BE8A7362}.JenTest|Any CPU.ActiveCfg = JenTest|Any CPU
		{A85FCD6B-6FA1-46BC-91F5-8F90BE8A7362}.JenTest|Any CPU.Build.0 = JenTest|Any CPU
		{A85FCD6B-6FA1-46BC-91F5-8F90BE8A7362}.JenTest|x64.ActiveCfg = JenTest|Any CPU
		{A85FCD6B-6FA1-46BC-91F5-8F90BE8A7362}.JenTest|x64.Build.0 = JenTest|Any CPU
		{A85FCD6B-6FA1-46BC-91F5-8F90BE8A7362}.JenTest|x86.ActiveCfg = JenTest|x86
		{A85FCD6B-6FA1-46BC-91F5-8F90BE8A7362}.JenTest|x86.Build.0 = JenTest|x86
		{A85FCD6B-6FA1-46BC-91F5-8F90BE8A7362}.Release|Any CPU.ActiveCfg = Release|Any CPU
		{A85FCD6B-6FA1-46BC-91F5-8F90BE8A7362}.Release|Any CPU.Build.0 = Release|Any CPU
		{A85FCD6B-6FA1-46BC-91F5-8F90BE8A7362}.Release|x64.ActiveCfg = Release|Any CPU
		{A85FCD6B-6FA1-46BC-91F5-8F90BE8A7362}.Release|x64.Build.0 = Release|Any CPU
		{A85FCD6B-6FA1-46BC-91F5-8F90BE8A7362}.Release|x86.ActiveCfg = Release|x86
		{A85FCD6B-6FA1-46BC-91F5-8F90BE8A7362}.Release|x86.Build.0 = Release|x86
		{96838F37-2E15-4785-B117-0DE31494F733}.Debug|Any CPU.ActiveCfg = Debug|Any CPU
		{96838F37-2E15-4785-B117-0DE31494F733}.Debug|Any CPU.Build.0 = Debug|Any CPU
		{96838F37-2E15-4785-B117-0DE31494F733}.Debug|x64.ActiveCfg = Debug|x64
		{96838F37-2E15-4785-B117-0DE31494F733}.Debug|x64.Build.0 = Debug|x64
		{96838F37-2E15-4785-B117-0DE31494F733}.Debug|x86.ActiveCfg = Debug|x86
		{96838F37-2E15-4785-B117-0DE31494F733}.Debug|x86.Build.0 = Debug|x86
		{96838F37-2E15-4785-B117-0DE31494F733}.JenTest|Any CPU.ActiveCfg = JenTest|Any CPU
		{96838F37-2E15-4785-B117-0DE31494F733}.JenTest|Any CPU.Build.0 = JenTest|Any CPU
		{96838F37-2E15-4785-B117-0DE31494F733}.JenTest|x64.ActiveCfg = JenTest|x64
		{96838F37-2E15-4785-B117-0DE31494F733}.JenTest|x64.Build.0 = JenTest|x64
		{96838F37-2E15-4785-B117-0DE31494F733}.JenTest|x86.ActiveCfg = JenTest|x86
		{96838F37-2E15-4785-B117-0DE31494F733}.JenTest|x86.Build.0 = JenTest|x86
		{96838F37-2E15-4785-B117-0DE31494F733}.Release|Any CPU.ActiveCfg = Release|Any CPU
		{96838F37-2E15-4785-B117-0DE31494F733}.Release|Any CPU.Build.0 = Release|Any CPU
		{96838F37-2E15-4785-B117-0DE31494F733}.Release|x64.ActiveCfg = Release|x64
		{96838F37-2E15-4785-B117-0DE31494F733}.Release|x64.Build.0 = Release|x64
		{96838F37-2E15-4785-B117-0DE31494F733}.Release|x86.ActiveCfg = Release|x86
		{96838F37-2E15-4785-B117-0DE31494F733}.Release|x86.Build.0 = Release|x86
	EndGlobalSection
	GlobalSection(SolutionProperties) = preSolution
		HideSolutionNode = FALSE
	EndGlobalSection
	GlobalSection(NestedProjects) = preSolution
		{FC173251-6DE3-4774-80F4-24132BDB3A29} = {2C62F657-8439-4B47-A9C2-F396072FE138}
		{21144A27-0669-4236-863D-E4187E7E90FA} = {2C62F657-8439-4B47-A9C2-F396072FE138}
		{1052054F-ACEC-432E-B61B-131B15D6350C} = {1127D50F-5E8F-4ACF-8A23-498B8CBD84AB}
		{A4960882-F2F1-4E0F-8159-A6177D4C467A} = {2C62F657-8439-4B47-A9C2-F396072FE138}
		{CB14D27D-A05E-46C9-A871-E4353924C038} = {2C62F657-8439-4B47-A9C2-F396072FE138}
		{A8D6BBFD-D87A-4FED-9035-2E315AEB5766} = {C1C963C8-5B15-4450-B14A-EB529D971105}
		{457FEF12-BD22-4498-924F-941B31DCCD6B} = {C1C963C8-5B15-4450-B14A-EB529D971105}
		{A85FCD6B-6FA1-46BC-91F5-8F90BE8A7362} = {C1C963C8-5B15-4450-B14A-EB529D971105}
		{96838F37-2E15-4785-B117-0DE31494F733} = {C1C963C8-5B15-4450-B14A-EB529D971105}
	EndGlobalSection
	GlobalSection(ExtensibilityGlobals) = postSolution
		SolutionGuid = {D50733CD-0878-45EF-8180-29D3CE793DFA}
	EndGlobalSection
EndGlobal
